
Microsoft Visual Studio Solution File, Format Version 12.00
# Visual Studio Version 16
VisualStudioVersion = 16.0.31019.35
MinimumVisualStudioVersion = 10.0.40219.1
Project("{FAE04EC0-301F-11D3-BF4B-00C04F79EFBC}") = "Client", "Client\Client.csproj", "{DD2D1BFB-F4FE-4589-91CE-3B16192C8090}"
EndProject
Project("{FAE04EC0-301F-11D3-BF4B-00C04F79EFBC}") = "Common", "Common\Common.csproj", "{AF94AF2C-8C11-4591-B142-5CEF64D8BA9E}"
EndProject
Project("{FAE04EC0-301F-11D3-BF4B-00C04F79EFBC}") = "CalculationFunction", "CalculationFunction\CalculationFunction.csproj", "{9D97C426-1F9F-43CC-BC04-DB3468C913F4}"
EndProject
Project("{FAE04EC0-301F-11D3-BF4B-00C04F79EFBC}") = "DataAccess", "DataAccess\DataAccess.csproj", "{8A0EE564-D0BA-469A-9539-27A128D04B01}"
EndProject
Project("{FAE04EC0-301F-11D3-BF4B-00C04F79EFBC}") = "ResidentExecutor", "ResidentExecutor\ResidentExecutor.csproj", "{AAC159B7-11B0-4C6B-AD00-F18F69B23FD9}"
EndProject
Project("{FAE04EC0-301F-11D3-BF4B-00C04F79EFBC}") = "Database", "Database\Database.csproj", "{3E21D3F6-C94C-44D5-A82C-B864F42E821C}"
EndProject
Project("{FAE04EC0-301F-11D3-BF4B-00C04F79EFBC}") = "DataTest", "DataTest\DataTest.csproj", "{EBD6DCF1-2A76-40CD-923C-2318903EAC0A}"
EndProject
Global
	GlobalSection(SolutionConfigurationPlatforms) = preSolution
		Debug|Any CPU = Debug|Any CPU
		Release|Any CPU = Release|Any CPU
	EndGlobalSection
	GlobalSection(ProjectConfigurationPlatforms) = postSolution
		{DD2D1BFB-F4FE-4589-91CE-3B16192C8090}.Debug|Any CPU.ActiveCfg = Debug|Any CPU
		{DD2D1BFB-F4FE-4589-91CE-3B16192C8090}.Debug|Any CPU.Build.0 = Debug|Any CPU
		{DD2D1BFB-F4FE-4589-91CE-3B16192C8090}.Release|Any CPU.ActiveCfg = Release|Any CPU
		{DD2D1BFB-F4FE-4589-91CE-3B16192C8090}.Release|Any CPU.Build.0 = Release|Any CPU
		{AF94AF2C-8C11-4591-B142-5CEF64D8BA9E}.Debug|Any CPU.ActiveCfg = Debug|Any CPU
		{AF94AF2C-8C11-4591-B142-5CEF64D8BA9E}.Debug|Any CPU.Build.0 = Debug|Any CPU
		{AF94AF2C-8C11-4591-B142-5CEF64D8BA9E}.Release|Any CPU.ActiveCfg = Release|Any CPU
		{AF94AF2C-8C11-4591-B142-5CEF64D8BA9E}.Release|Any CPU.Build.0 = Release|Any CPU
		{9D97C426-1F9F-43CC-BC04-DB3468C913F4}.Debug|Any CPU.ActiveCfg = Debug|Any CPU
		{9D97C426-1F9F-43CC-BC04-DB3468C913F4}.Debug|Any CPU.Build.0 = Debug|Any CPU
		{9D97C426-1F9F-43CC-BC04-DB3468C913F4}.Release|Any CPU.ActiveCfg = Release|Any CPU
		{9D97C426-1F9F-43CC-BC04-DB3468C913F4}.Release|Any CPU.Build.0 = Release|Any CPU
		{8A0EE564-D0BA-469A-9539-27A128D04B01}.Debug|Any CPU.ActiveCfg = Debug|Any CPU
		{8A0EE564-D0BA-469A-9539-27A128D04B01}.Debug|Any CPU.Build.0 = Debug|Any CPU
		{8A0EE564-D0BA-469A-9539-27A128D04B01}.Release|Any CPU.ActiveCfg = Release|Any CPU
		{8A0EE564-D0BA-469A-9539-27A128D04B01}.Release|Any CPU.Build.0 = Release|Any CPU
		{AAC159B7-11B0-4C6B-AD00-F18F69B23FD9}.Debug|Any CPU.ActiveCfg = Debug|Any CPU
		{AAC159B7-11B0-4C6B-AD00-F18F69B23FD9}.Debug|Any CPU.Build.0 = Debug|Any CPU
		{AAC159B7-11B0-4C6B-AD00-F18F69B23FD9}.Release|Any CPU.ActiveCfg = Release|Any CPU
		{AAC159B7-11B0-4C6B-AD00-F18F69B23FD9}.Release|Any CPU.Build.0 = Release|Any CPU
		{3E21D3F6-C94C-44D5-A82C-B864F42E821C}.Debug|Any CPU.ActiveCfg = Debug|Any CPU
		{3E21D3F6-C94C-44D5-A82C-B864F42E821C}.Debug|Any CPU.Build.0 = Debug|Any CPU
		{3E21D3F6-C94C-44D5-A82C-B864F42E821C}.Release|Any CPU.ActiveCfg = Release|Any CPU
		{3E21D3F6-C94C-44D5-A82C-B864F42E821C}.Release|Any CPU.Build.0 = Release|Any CPU
		{EBD6DCF1-2A76-40CD-923C-2318903EAC0A}.Debug|Any CPU.ActiveCfg = Debug|Any CPU
		{EBD6DCF1-2A76-40CD-923C-2318903EAC0A}.Debug|Any CPU.Build.0 = Debug|Any CPU
		{EBD6DCF1-2A76-40CD-923C-2318903EAC0A}.Release|Any CPU.ActiveCfg = Release|Any CPU
		{EBD6DCF1-2A76-40CD-923C-2318903EAC0A}.Release|Any CPU.Build.0 = Release|Any CPU
	EndGlobalSection
	GlobalSection(SolutionProperties) = preSolution
		HideSolutionNode = FALSE
	EndGlobalSection
	GlobalSection(ExtensibilityGlobals) = postSolution
		SolutionGuid = {39CB6EAE-7643-48E2-9394-7D87B324BE98}
	EndGlobalSection
EndGlobal
